
Microsoft Visual Studio Solution File, Format Version 12.00
# Visual Studio 15
VisualStudioVersion = 15.0.28307.1209
MinimumVisualStudioVersion = 10.0.40219.1
Project("{FAE04EC0-301F-11D3-BF4B-00C04F79EFBC}") = "ExcelConverter", "ExcelConverter\ExcelConverter.csproj", "{5638068C-2D01-4A63-8C03-C957AAB898A8}"
EndProject
Global
	GlobalSection(SolutionConfigurationPlatforms) = preSolution
		Debug|Any CPU = Debug|Any CPU
		Release|Any CPU = Release|Any CPU
	EndGlobalSection
	GlobalSection(ProjectConfigurationPlatforms) = postSolution
		{5638068C-2D01-4A63-8C03-C957AAB898A8}.Debug|Any CPU.ActiveCfg = Debug|Any CPU
		{5638068C-2D01-4A63-8C03-C957AAB898A8}.Debug|Any CPU.Build.0 = Debug|Any CPU
		{5638068C-2D01-4A63-8C03-C957AAB898A8}.Release|Any CPU.ActiveCfg = Release|Any CPU
		{5638068C-2D01-4A63-8C03-C957AAB898A8}.Release|Any CPU.Build.0 = Release|Any CPU
	EndGlobalSection
	GlobalSection(SolutionProperties) = preSolution
		HideSolutionNode = FALSE
	EndGlobalSection
	GlobalSection(ExtensibilityGlobals) = postSolution
		SolutionGuid = {EADF6388-DCB8-459B-95F0-EFF31DA22E90}
	EndGlobalSection
EndGlobal
